
Microsoft Visual Studio Solution File, Format Version 12.00
# Visual Studio Version 17
VisualStudioVersion = 17.0.31912.275
MinimumVisualStudioVersion = 10.0.40219.1
Project("{9A19103F-16F7-4668-BE54-9A1E7A4F7556}") = "Day2_Dive", "Day2_Dive\Day2_Dive.csproj", "{4CCE5306-2803-442B-880F-AD9F05615047}"
EndProject
Project("{9A19103F-16F7-4668-BE54-9A1E7A4F7556}") = "Day3_Binary_Diagnostic", "Day3_Binary_Diagnostic\Day3_Binary_Diagnostic.csproj", "{F34C677D-5A90-4338-8394-58797996DC1B}"
EndProject
Project("{9A19103F-16F7-4668-BE54-9A1E7A4F7556}") = "Day4_Giant_Squid", "Day4_Giant_Squid\Day4_Giant_Squid.csproj", "{70DA6C9E-0190-4B96-BEA3-6749D41E3239}"
EndProject
Project("{FAE04EC0-301F-11D3-BF4B-00C04F79EFBC}") = "Day5_Hydrothermal_Venture", "Day5_Hydrothermal_Venture\Day5_Hydrothermal_Venture.csproj", "{975E4AE2-5E01-4E81-83A6-11A0EB3366C8}"
EndProject
Project("{FAE04EC0-301F-11D3-BF4B-00C04F79EFBC}") = "Day6_Lanternfish", "Day5_Lanternfish\Day6_Lanternfish.csproj", "{820E4E1A-D2D4-42D0-9E66-533CF5B951FA}"
EndProject
Project("{FAE04EC0-301F-11D3-BF4B-00C04F79EFBC}") = "Day7_The_Treachery_of_Whales", "Day7_The_Treachery_of_Whales\Day7_The_Treachery_of_Whales.csproj", "{C548FDF7-3008-424D-A53A-65EB1DF57521}"
EndProject
Global
	GlobalSection(SolutionConfigurationPlatforms) = preSolution
		Debug|Any CPU = Debug|Any CPU
		Release|Any CPU = Release|Any CPU
	EndGlobalSection
	GlobalSection(ProjectConfigurationPlatforms) = postSolution
		{4CCE5306-2803-442B-880F-AD9F05615047}.Debug|Any CPU.ActiveCfg = Debug|Any CPU
		{4CCE5306-2803-442B-880F-AD9F05615047}.Debug|Any CPU.Build.0 = Debug|Any CPU
		{4CCE5306-2803-442B-880F-AD9F05615047}.Release|Any CPU.ActiveCfg = Release|Any CPU
		{4CCE5306-2803-442B-880F-AD9F05615047}.Release|Any CPU.Build.0 = Release|Any CPU
		{F34C677D-5A90-4338-8394-58797996DC1B}.Debug|Any CPU.ActiveCfg = Debug|Any CPU
		{F34C677D-5A90-4338-8394-58797996DC1B}.Debug|Any CPU.Build.0 = Debug|Any CPU
		{F34C677D-5A90-4338-8394-58797996DC1B}.Release|Any CPU.ActiveCfg = Release|Any CPU
		{F34C677D-5A90-4338-8394-58797996DC1B}.Release|Any CPU.Build.0 = Release|Any CPU
		{70DA6C9E-0190-4B96-BEA3-6749D41E3239}.Debug|Any CPU.ActiveCfg = Debug|Any CPU
		{70DA6C9E-0190-4B96-BEA3-6749D41E3239}.Debug|Any CPU.Build.0 = Debug|Any CPU
		{70DA6C9E-0190-4B96-BEA3-6749D41E3239}.Release|Any CPU.ActiveCfg = Release|Any CPU
		{70DA6C9E-0190-4B96-BEA3-6749D41E3239}.Release|Any CPU.Build.0 = Release|Any CPU
		{975E4AE2-5E01-4E81-83A6-11A0EB3366C8}.Debug|Any CPU.ActiveCfg = Debug|Any CPU
		{975E4AE2-5E01-4E81-83A6-11A0EB3366C8}.Debug|Any CPU.Build.0 = Debug|Any CPU
		{975E4AE2-5E01-4E81-83A6-11A0EB3366C8}.Release|Any CPU.ActiveCfg = Release|Any CPU
		{975E4AE2-5E01-4E81-83A6-11A0EB3366C8}.Release|Any CPU.Build.0 = Release|Any CPU
		{820E4E1A-D2D4-42D0-9E66-533CF5B951FA}.Debug|Any CPU.ActiveCfg = Debug|Any CPU
		{820E4E1A-D2D4-42D0-9E66-533CF5B951FA}.Debug|Any CPU.Build.0 = Debug|Any CPU
		{820E4E1A-D2D4-42D0-9E66-533CF5B951FA}.Release|Any CPU.ActiveCfg = Release|Any CPU
		{820E4E1A-D2D4-42D0-9E66-533CF5B951FA}.Release|Any CPU.Build.0 = Release|Any CPU
		{C548FDF7-3008-424D-A53A-65EB1DF57521}.Debug|Any CPU.ActiveCfg = Debug|Any CPU
		{C548FDF7-3008-424D-A53A-65EB1DF57521}.Debug|Any CPU.Build.0 = Debug|Any CPU
		{C548FDF7-3008-424D-A53A-65EB1DF57521}.Release|Any CPU.ActiveCfg = Release|Any CPU
		{C548FDF7-3008-424D-A53A-65EB1DF57521}.Release|Any CPU.Build.0 = Release|Any CPU
	EndGlobalSection
	GlobalSection(SolutionProperties) = preSolution
		HideSolutionNode = FALSE
	EndGlobalSection
	GlobalSection(ExtensibilityGlobals) = postSolution
		SolutionGuid = {3B16386D-412D-483B-94F3-2958AE493515}
	EndGlobalSection
EndGlobal
